// !$*UTF8*$!
{
	archiveVersion = 1;
	classes = {
	};
	objectVersion = 46;
	objects = {

/* Begin PBXBuildFile section */
		DA85929F1C862A9F00DE54A2 /* AppDelegate.swift in Sources */ = {isa = PBXBuildFile; fileRef = DA85929E1C862A9F00DE54A2 /* AppDelegate.swift */; };
		DA8592A11C862A9F00DE54A2 /* ViewController.swift in Sources */ = {isa = PBXBuildFile; fileRef = DA8592A01C862A9F00DE54A2 /* ViewController.swift */; };
		DA8592A41C862A9F00DE54A2 /* Main.storyboard in Resources */ = {isa = PBXBuildFile; fileRef = DA8592A21C862A9F00DE54A2 /* Main.storyboard */; };
		DA8592A71C862A9F00DE54A2 /* weather.xcdatamodeld in Sources */ = {isa = PBXBuildFile; fileRef = DA8592A51C862A9F00DE54A2 /* weather.xcdatamodeld */; };
		DA8592A91C862A9F00DE54A2 /* Assets.xcassets in Resources */ = {isa = PBXBuildFile; fileRef = DA8592A81C862A9F00DE54A2 /* Assets.xcassets */; };
		DA8592AC1C862A9F00DE54A2 /* LaunchScreen.storyboard in Resources */ = {isa = PBXBuildFile; fileRef = DA8592AA1C862A9F00DE54A2 /* LaunchScreen.storyboard */; };
/* End PBXBuildFile section */

/* Begin PBXFileReference section */
		DA85929B1C862A9F00DE54A2 /* weather.app */ = {isa = PBXFileReference; explicitFileType = wrapper.application; includeInIndex = 0; path = weather.app; sourceTree = BUILT_PRODUCTS_DIR; };
		DA85929E1C862A9F00DE54A2 /* AppDelegate.swift */ = {isa = PBXFileReference; lastKnownFileType = sourcecode.swift; path = AppDelegate.swift; sourceTree = "<group>"; };
		DA8592A01C862A9F00DE54A2 /* ViewController.swift */ = {isa = PBXFileReference; lastKnownFileType = sourcecode.swift; path = ViewController.swift; sourceTree = "<group>"; };
		DA8592A31C862A9F00DE54A2 /* Base */ = {isa = PBXFileReference; lastKnownFileType = file.storyboard; name = Base; path = Base.lproj/Main.storyboard; sourceTree = "<group>"; };
		DA8592A61C862A9F00DE54A2 /* weather.xcdatamodel */ = {isa = PBXFileReference; lastKnownFileType = wrapper.xcdatamodel; path = weather.xcdatamodel; sourceTree = "<group>"; };
		DA8592A81C862A9F00DE54A2 /* Assets.xcassets */ = {isa = PBXFileReference; lastKnownFileType = folder.assetcatalog; path = Assets.xcassets; sourceTree = "<group>"; };
		DA8592AB1C862A9F00DE54A2 /* Base */ = {isa = PBXFileReference; lastKnownFileType = file.storyboard; name = Base; path = Base.lproj/LaunchScreen.storyboard; sourceTree = "<group>"; };
		DA8592AD1C862A9F00DE54A2 /* Info.plist */ = {isa = PBXFileReference; lastKnownFileType = text.plist.xml; path = Info.plist; sourceTree = "<group>"; };
/* End PBXFileReference section */

/* Begin PBXFrameworksBuildPhase section */
		DA8592981C862A9F00DE54A2 /* Frameworks */ = {
			isa = PBXFrameworksBuildPhase;
			buildActionMask = 2147483647;
			files = (
			);
			runOnlyForDeploymentPostprocessing = 0;
		};
/* End PBXFrameworksBuildPhase section */

/* Begin PBXGroup section */
		DA8592921C862A9F00DE54A2 = {
			isa = PBXGroup;
			children = (
				DA85929D1C862A9F00DE54A2 /* weather */,
				DA85929C1C862A9F00DE54A2 /* Products */,
			);
			sourceTree = "<group>";
		};
		DA85929C1C862A9F00DE54A2 /* Products */ = {
			isa = PBXGroup;
			children = (
				DA85929B1C862A9F00DE54A2 /* weather.app */,
			);
			name = Products;
			sourceTree = "<group>";
		};
		DA85929D1C862A9F00DE54A2 /* weather */ = {
			isa = PBXGroup;
			children = (
				DA85929E1C862A9F00DE54A2 /* AppDelegate.swift */,
				DA8592A01C862A9F00DE54A2 /* ViewController.swift */,
				DA8592A21C862A9F00DE54A2 /* Main.storyboard */,
				DA8592A81C862A9F00DE54A2 /* Assets.xcassets */,
				DA8592AA1C862A9F00DE54A2 /* LaunchScreen.storyboard */,
				DA8592AD1C862A9F00DE54A2 /* Info.plist */,
				DA8592A51C862A9F00DE54A2 /* weather.xcdatamodeld */,
			);
			path = weather;
			sourceTree = "<group>";
		};
/* End PBXGroup section */

/* Begin PBXNativeTarget section */
		DA85929A1C862A9F00DE54A2 /* weather */ = {
			isa = PBXNativeTarget;
			buildConfigurationList = DA8592B01C862A9F00DE54A2 /* Build configuration list for PBXNativeTarget "weather" */;
			buildPhases = (
				DA8592971C862A9F00DE54A2 /* Sources */,
				DA8592981C862A9F00DE54A2 /* Frameworks */,
				DA8592991C862A9F00DE54A2 /* Resources */,
			);
			buildRules = (
			);
			dependencies = (
			);
			name = weather;
			productName = weather;
			productReference = DA85929B1C862A9F00DE54A2 /* weather.app */;
			productType = "com.apple.product-type.application";
		};
/* End PBXNativeTarget section */

/* Begin PBXProject section */
		DA8592931C862A9F00DE54A2 /* Project object */ = {
			isa = PBXProject;
			attributes = {
				LastSwiftUpdateCheck = 0720;
				LastUpgradeCheck = 0720;
				ORGANIZATIONNAME = "Holly Klose";
				TargetAttributes = {
					DA85929A1C862A9F00DE54A2 = {
						CreatedOnToolsVersion = 7.2;
						DevelopmentTeam = D7M3P7V275;
					};
				};
			};
			buildConfigurationList = DA8592961C862A9F00DE54A2 /* Build configuration list for PBXProject "weather" */;
			compatibilityVersion = "Xcode 3.2";
			developmentRegion = English;
			hasScannedForEncodings = 0;
			knownRegions = (
				en,
				Base,
			);
			mainGroup = DA8592921C862A9F00DE54A2;
			productRefGroup = DA85929C1C862A9F00DE54A2 /* Products */;
			projectDirPath = "";
			projectRoot = "";
			targets = (
				DA85929A1C862A9F00DE54A2 /* weather */,
			);
		};
/* End PBXProject section */

/* Begin PBXResourcesBuildPhase section */
		DA8592991C862A9F00DE54A2 /* Resources */ = {
			isa = PBXResourcesBuildPhase;
			buildActionMask = 2147483647;
			files = (
				DA8592AC1C862A9F00DE54A2 /* LaunchScreen.storyboard in Resources */,
				DA8592A91C862A9F00DE54A2 /* Assets.xcassets in Resources */,
				DA8592A41C862A9F00DE54A2 /* Main.storyboard in Resources */,
			);
			runOnlyForDeploymentPostprocessing = 0;
		};
/* End PBXResourcesBuildPhase section */

/* Begin PBXSourcesBuildPhase section */
		DA8592971C862A9F00DE54A2 /* Sources */ = {
			isa = PBXSourcesBuildPhase;
			buildActionMask = 2147483647;
			files = (
				DA8592A71C862A9F00DE54A2 /* weather.xcdatamodeld in Sources */,
				DA8592A11C862A9F00DE54A2 /* ViewController.swift in Sources */,
				DA85929F1C862A9F00DE54A2 /* AppDelegate.swift in Sources */,
			);
			runOnlyForDeploymentPostprocessing = 0;
		};
/* End PBXSourcesBuildPhase section */

/* Begin PBXVariantGroup section */
		DA8592A21C862A9F00DE54A2 /* Main.storyboard */ = {
			isa = PBXVariantGroup;
			children = (
				DA8592A31C862A9F00DE54A2 /* Base */,
			);
			name = Main.storyboard;
			sourceTree = "<group>";
		};
		DA8592AA1C862A9F00DE54A2 /* LaunchScreen.storyboard */ = {
			isa = PBXVariantGroup;
			children = (
				DA8592AB1C862A9F00DE54A2 /* Base */,
			);
			name = LaunchScreen.storyboard;
			sourceTree = "<group>";
		};
/* End PBXVariantGroup section */

/* Begin XCBuildConfiguration section */
		DA8592AE1C862A9F00DE54A2 /* Debug */ = {
			isa = XCBuildConfiguration;
			buildSettings = {
				ALWAYS_SEARCH_USER_PATHS = NO;
				CLANG_CXX_LANGUAGE_STANDARD = "gnu++0x";
				CLANG_CXX_LIBRARY = "libc++";
				CLANG_ENABLE_MODULES = YES;
				CLANG_ENABLE_OBJC_ARC = YES;
				CLANG_WARN_BOOL_CONVERSION = YES;
				CLANG_WARN_CONSTANT_CONVERSION = YES;
				CLANG_WARN_DIRECT_OBJC_ISA_USAGE = YES_ERROR;
				CLANG_WARN_EMPTY_BODY = YES;
				CLANG_WARN_ENUM_CONVERSION = YES;
				CLANG_WARN_INT_CONVERSION = YES;
				CLANG_WARN_OBJC_ROOT_CLASS = YES_ERROR;
				CLANG_WARN_UNREACHABLE_CODE = YES;
				CLANG_WARN__DUPLICATE_METHOD_MATCH = YES;
				"CODE_SIGN_IDENTITY[sdk=iphoneos*]" = "iPhone Developer";
				COPY_PHASE_STRIP = NO;
				DEBUG_INFORMATION_FORMAT = dwarf;
				ENABLE_STRICT_OBJC_MSGSEND = YES;
				ENABLE_TESTABILITY = YES;
				GCC_C_LANGUAGE_STANDARD = gnu99;
				GCC_DYNAMIC_NO_PIC = NO;
				GCC_NO_COMMON_BLOCKS = YES;
				GCC_OPTIMIZATION_LEVEL = 0;
				GCC_PREPROCESSOR_DEFINITIONS = (
					"DEBUG=1",
					"$(inherited)",
				);
				GCC_WARN_64_TO_32_BIT_CONVERSION = YES;
				GCC_WARN_ABOUT_RETURN_TYPE = YES_ERROR;
				GCC_WARN_UNDECLARED_SELECTOR = YES;
				GCC_WARN_UNINITIALIZED_AUTOS = YES_AGGRESSIVE;
				GCC_WARN_UNUSED_FUNCTION = YES;
				GCC_WARN_UNUSED_VARIABLE = YES;
				IPHONEOS_DEPLOYMENT_TARGET = 9.2;
				MTL_ENABLE_DEBUG_INFO = YES;
				ONLY_ACTIVE_ARCH = YES;
				SDKROOT = iphoneos;
				SWIFT_OPTIMIZATION_LEVEL = "-Onone";
				TARGETED_DEVICE_FAMILY = "1,2";
			};
			name = Debug;
		};
		DA8592AF1C862A9F00DE54A2 /* Release */ = {
			isa = XCBuildConfiguration;
			buildSettings = {
				ALWAYS_SEARCH_USER_PATHS = NO;
				CLANG_CXX_LANGUAGE_STANDARD = "gnu++0x";
				CLANG_CXX_LIBRARY = "libc++";
				CLANG_ENABLE_MODULES = YES;
				CLANG_ENABLE_OBJC_ARC = YES;
				CLANG_WARN_BOOL_CONVERSION = YES;
				CLANG_WARN_CONSTANT_CONVERSION = YES;
				CLANG_WARN_DIRECT_OBJC_ISA_USAGE = YES_ERROR;
				CLANG_WARN_EMPTY_BODY = YES;
				CLANG_WARN_ENUM_CONVERSION = YES;
				CLANG_WARN_INT_CONVERSION = YES;
				CLANG_WARN_OBJC_ROOT_CLASS = YES_ERROR;
				CLANG_WARN_UNREACHABLE_CODE = YES;
				CLANG_WARN__DUPLICATE_METHOD_MATCH = YES;
				"CODE_SIGN_IDENTITY[sdk=iphoneos*]" = "iPhone Developer";
				COPY_PHASE_STRIP = NO;
				DEBUG_INFORMATION_FORMAT = "dwarf-with-dsym";
				ENABLE_NS_ASSERTIONS = NO;
				ENABLE_STRICT_OBJC_MSGSEND = YES;
				GCC_C_LANGUAGE_STANDARD = gnu99;
				GCC_NO_COMMON_BLOCKS = YES;
				GCC_WARN_64_TO_32_BIT_CONVERSION = YES;
				GCC_WARN_ABOUT_RETURN_TYPE = YES_ERROR;
				GCC_WARN_UNDECLARED_SELECTOR = YES;
				GCC_WARN_UNINITIALIZED_AUTOS = YES_AGGRESSIVE;
				GCC_WARN_UNUSED_FUNCTION = YES;
				GCC_WARN_UNUSED_VARIABLE = YES;
				IPHONEOS_DEPLOYMENT_TARGET = 9.2;
				MTL_ENABLE_DEBUG_INFO = NO;
				SDKROOT = iphoneos;
				TARGETED_DEVICE_FAMILY = "1,2";
				VALIDATE_PRODUCT = YES;
			};
			name = Release;
		};
		DA8592B11C862A9F00DE54A2 /* Debug */ = {
			isa = XCBuildConfiguration;
			buildSettings = {
				ASSETCATALOG_COMPILER_APPICON_NAME = AppIcon;
				INFOPLIST_FILE = weather/Info.plist;
				LD_RUNPATH_SEARCH_PATHS = "$(inherited) @executable_path/Frameworks";
				PRODUCT_BUNDLE_IDENTIFIER = com.hollyanderic.weather;
				PRODUCT_NAME = "$(TARGET_NAME)";
			};
			name = Debug;
		};
		DA8592B21C862A9F00DE54A2 /* Release */ = {
			isa = XCBuildConfiguration;
			buildSettings = {
				ASSETCATALOG_COMPILER_APPICON_NAME = AppIcon;
				INFOPLIST_FILE = weather/Info.plist;
				LD_RUNPATH_SEARCH_PATHS = "$(inherited) @executable_path/Frameworks";
				PRODUCT_BUNDLE_IDENTIFIER = com.hollyanderic.weather;
				PRODUCT_NAME = "$(TARGET_NAME)";
			};
			name = Release;
		};
/* End XCBuildConfiguration section */

/* Begin XCConfigurationList section */
		DA8592961C862A9F00DE54A2 /* Build configuration list for PBXProject "weather" */ = {
			isa = XCConfigurationList;
			buildConfigurations = (
				DA8592AE1C862A9F00DE54A2 /* Debug */,
				DA8592AF1C862A9F00DE54A2 /* Release */,
			);
			defaultConfigurationIsVisible = 0;
			defaultConfigurationName = Release;
		};
		DA8592B01C862A9F00DE54A2 /* Build configuration list for PBXNativeTarget "weather" */ = {
			isa = XCConfigurationList;
			buildConfigurations = (
				DA8592B11C862A9F00DE54A2 /* Debug */,
				DA8592B21C862A9F00DE54A2 /* Release */,
			);
			defaultConfigurationIsVisible = 0;
		};
/* End XCConfigurationList section */

/* Begin XCVersionGroup section */
		DA8592A51C862A9F00DE54A2 /* weather.xcdatamodeld */ = {
			isa = XCVersionGroup;
			children = (
				DA8592A61C862A9F00DE54A2 /* weather.xcdatamodel */,
			);
			currentVersion = DA8592A61C862A9F00DE54A2 /* weather.xcdatamodel */;
			path = weather.xcdatamodeld;
			sourceTree = "<group>";
			versionGroupType = wrapper.xcdatamodel;
		};
/* End XCVersionGroup section */
	};
	rootObject = DA8592931C862A9F00DE54A2 /* Project object */;
}
